
Microsoft Visual Studio Solution File, Format Version 12.00
# Visual Studio 14
VisualStudioVersion = 14.0.24720.0
MinimumVisualStudioVersion = 10.0.40219.1
Project("{FAE04EC0-301F-11D3-BF4B-00C04F79EFBC}") = "ClientGraph.Web", "ClientGraph.Web\ClientGraph.Web.csproj", "{D67EBF3D-7F84-4CA1-AC6B-C38B814FAF14}"
EndProject
Project("{FAE04EC0-301F-11D3-BF4B-00C04F79EFBC}") = "ClientGraph.Domain", "ClientGraph.Domain\ClientGraph.Domain.csproj", "{CC3EE4E6-986E-4531-999C-386710E0224E}"
EndProject
Project("{FAE04EC0-301F-11D3-BF4B-00C04F79EFBC}") = "ClientGraph.Services", "ClientGraph.Services\ClientGraph.Services.csproj", "{69884344-56EF-4DE4-84DA-1A2A286BCFDE}"
EndProject
Global
	GlobalSection(SolutionConfigurationPlatforms) = preSolution
		Debug|Any CPU = Debug|Any CPU
		Release|Any CPU = Release|Any CPU
	EndGlobalSection
	GlobalSection(ProjectConfigurationPlatforms) = postSolution
		{D67EBF3D-7F84-4CA1-AC6B-C38B814FAF14}.Debug|Any CPU.ActiveCfg = Debug|Any CPU
		{D67EBF3D-7F84-4CA1-AC6B-C38B814FAF14}.Debug|Any CPU.Build.0 = Debug|Any CPU
		{D67EBF3D-7F84-4CA1-AC6B-C38B814FAF14}.Release|Any CPU.ActiveCfg = Release|Any CPU
		{D67EBF3D-7F84-4CA1-AC6B-C38B814FAF14}.Release|Any CPU.Build.0 = Release|Any CPU
		{CC3EE4E6-986E-4531-999C-386710E0224E}.Debug|Any CPU.ActiveCfg = Debug|Any CPU
		{CC3EE4E6-986E-4531-999C-386710E0224E}.Debug|Any CPU.Build.0 = Debug|Any CPU
		{CC3EE4E6-986E-4531-999C-386710E0224E}.Release|Any CPU.ActiveCfg = Release|Any CPU
		{CC3EE4E6-986E-4531-999C-386710E0224E}.Release|Any CPU.Build.0 = Release|Any CPU
		{69884344-56EF-4DE4-84DA-1A2A286BCFDE}.Debug|Any CPU.ActiveCfg = Debug|Any CPU
		{69884344-56EF-4DE4-84DA-1A2A286BCFDE}.Debug|Any CPU.Build.0 = Debug|Any CPU
		{69884344-56EF-4DE4-84DA-1A2A286BCFDE}.Release|Any CPU.ActiveCfg = Release|Any CPU
		{69884344-56EF-4DE4-84DA-1A2A286BCFDE}.Release|Any CPU.Build.0 = Release|Any CPU
	EndGlobalSection
	GlobalSection(SolutionProperties) = preSolution
		HideSolutionNode = FALSE
	EndGlobalSection
EndGlobal
